
Microsoft Visual Studio Solution File, Format Version 12.00
# Visual Studio 15
Project("{FAE04EC0-301F-11D3-BF4B-00C04F79EFBC}") = "math_2d", "math_2d.csproj", "{B62D8CBC-B460-8001-C2CE-01DB72104032}"
EndProject
Global
	GlobalSection(SolutionConfigurationPlatforms) = preSolution
		Debug|Any CPU = Debug|Any CPU
		Release|Any CPU = Release|Any CPU
	EndGlobalSection
	GlobalSection(ProjectConfigurationPlatforms) = postSolution
		{B62D8CBC-B460-8001-C2CE-01DB72104032}.Debug|Any CPU.ActiveCfg = Debug|Any CPU
		{B62D8CBC-B460-8001-C2CE-01DB72104032}.Debug|Any CPU.Build.0 = Debug|Any CPU
		{B62D8CBC-B460-8001-C2CE-01DB72104032}.Release|Any CPU.ActiveCfg = Release|Any CPU
		{B62D8CBC-B460-8001-C2CE-01DB72104032}.Release|Any CPU.Build.0 = Release|Any CPU
	EndGlobalSection
	GlobalSection(SolutionProperties) = preSolution
		HideSolutionNode = FALSE
	EndGlobalSection
EndGlobal
